// !$*UTF8*$!
{
	archiveVersion = 1;
	classes = {
	};
	objectVersion = 46;
	objects = {

/* Begin PBXBuildFile section */
		12403FAB1EC46F1F000DAA1F /* ActiveController.swift in Sources */ = {isa = PBXBuildFile; fileRef = 12403FAA1EC46F1F000DAA1F /* ActiveController.swift */; };
		12710ED11EC45B26003AE9FB /* AppDelegate.swift in Sources */ = {isa = PBXBuildFile; fileRef = 12710ED01EC45B26003AE9FB /* AppDelegate.swift */; };
		12710ED31EC45B26003AE9FB /* ViewController.swift in Sources */ = {isa = PBXBuildFile; fileRef = 12710ED21EC45B26003AE9FB /* ViewController.swift */; };
		12710ED61EC45B26003AE9FB /* Main.storyboard in Resources */ = {isa = PBXBuildFile; fileRef = 12710ED41EC45B26003AE9FB /* Main.storyboard */; };
		12710ED81EC45B26003AE9FB /* Assets.xcassets in Resources */ = {isa = PBXBuildFile; fileRef = 12710ED71EC45B26003AE9FB /* Assets.xcassets */; };
		12710EDB1EC45B26003AE9FB /* LaunchScreen.storyboard in Resources */ = {isa = PBXBuildFile; fileRef = 12710ED91EC45B26003AE9FB /* LaunchScreen.storyboard */; };
		AFAC358E9F9823C82C4DC19D /* Pods_OfoDemo.framework in Frameworks */ = {isa = PBXBuildFile; fileRef = 4DB391D08EF015675C7D6803 /* Pods_OfoDemo.framework */; };
/* End PBXBuildFile section */

/* Begin PBXFileReference section */
		12403FAA1EC46F1F000DAA1F /* ActiveController.swift */ = {isa = PBXFileReference; fileEncoding = 4; lastKnownFileType = sourcecode.swift; path = ActiveController.swift; sourceTree = "<group>"; };
		12710ECD1EC45B26003AE9FB /* OfoDemo.app */ = {isa = PBXFileReference; explicitFileType = wrapper.application; includeInIndex = 0; path = OfoDemo.app; sourceTree = BUILT_PRODUCTS_DIR; };
		12710ED01EC45B26003AE9FB /* AppDelegate.swift */ = {isa = PBXFileReference; lastKnownFileType = sourcecode.swift; path = AppDelegate.swift; sourceTree = "<group>"; };
		12710ED21EC45B26003AE9FB /* ViewController.swift */ = {isa = PBXFileReference; lastKnownFileType = sourcecode.swift; path = ViewController.swift; sourceTree = "<group>"; };
		12710ED51EC45B26003AE9FB /* Base */ = {isa = PBXFileReference; lastKnownFileType = file.storyboard; name = Base; path = Base.lproj/Main.storyboard; sourceTree = "<group>"; };
		12710ED71EC45B26003AE9FB /* Assets.xcassets */ = {isa = PBXFileReference; lastKnownFileType = folder.assetcatalog; path = Assets.xcassets; sourceTree = "<group>"; };
		12710EDA1EC45B26003AE9FB /* Base */ = {isa = PBXFileReference; lastKnownFileType = file.storyboard; name = Base; path = Base.lproj/LaunchScreen.storyboard; sourceTree = "<group>"; };
		12710EDC1EC45B26003AE9FB /* Info.plist */ = {isa = PBXFileReference; lastKnownFileType = text.plist.xml; path = Info.plist; sourceTree = "<group>"; };
		4DB391D08EF015675C7D6803 /* Pods_OfoDemo.framework */ = {isa = PBXFileReference; explicitFileType = wrapper.framework; includeInIndex = 0; path = Pods_OfoDemo.framework; sourceTree = BUILT_PRODUCTS_DIR; };
		D8C9BC6CFCE164BD531B7B2B /* Pods-OfoDemo.release.xcconfig */ = {isa = PBXFileReference; includeInIndex = 1; lastKnownFileType = text.xcconfig; name = "Pods-OfoDemo.release.xcconfig"; path = "Pods/Target Support Files/Pods-OfoDemo/Pods-OfoDemo.release.xcconfig"; sourceTree = "<group>"; };
		DE23E49B7D8F073965248878 /* Pods-OfoDemo.debug.xcconfig */ = {isa = PBXFileReference; includeInIndex = 1; lastKnownFileType = text.xcconfig; name = "Pods-OfoDemo.debug.xcconfig"; path = "Pods/Target Support Files/Pods-OfoDemo/Pods-OfoDemo.debug.xcconfig"; sourceTree = "<group>"; };
/* End PBXFileReference section */

/* Begin PBXFrameworksBuildPhase section */
		12710ECA1EC45B26003AE9FB /* Frameworks */ = {
			isa = PBXFrameworksBuildPhase;
			buildActionMask = 2147483647;
			files = (
				AFAC358E9F9823C82C4DC19D /* Pods_OfoDemo.framework in Frameworks */,
			);
			runOnlyForDeploymentPostprocessing = 0;
		};
/* End PBXFrameworksBuildPhase section */

/* Begin PBXGroup section */
		12710EC41EC45B26003AE9FB = {
			isa = PBXGroup;
			children = (
				12710ECF1EC45B26003AE9FB /* OfoDemo */,
				12710ECE1EC45B26003AE9FB /* Products */,
				666F42CA0E291B8F1B79D2A4 /* Pods */,
				2A8530B49F2039918B629667 /* Frameworks */,
			);
			sourceTree = "<group>";
		};
		12710ECE1EC45B26003AE9FB /* Products */ = {
			isa = PBXGroup;
			children = (
				12710ECD1EC45B26003AE9FB /* OfoDemo.app */,
			);
			name = Products;
			sourceTree = "<group>";
		};
		12710ECF1EC45B26003AE9FB /* OfoDemo */ = {
			isa = PBXGroup;
			children = (
				12710EE21EC45F9A003AE9FB /* Classes */,
				12710ED01EC45B26003AE9FB /* AppDelegate.swift */,
				12710ED21EC45B26003AE9FB /* ViewController.swift */,
				12710ED41EC45B26003AE9FB /* Main.storyboard */,
				12710ED71EC45B26003AE9FB /* Assets.xcassets */,
				12710ED91EC45B26003AE9FB /* LaunchScreen.storyboard */,
				12710EDC1EC45B26003AE9FB /* Info.plist */,
			);
			path = OfoDemo;
			sourceTree = "<group>";
		};
		12710EE21EC45F9A003AE9FB /* Classes */ = {
			isa = PBXGroup;
			children = (
				12403FAA1EC46F1F000DAA1F /* ActiveController.swift */,
			);
			path = Classes;
			sourceTree = "<group>";
		};
		2A8530B49F2039918B629667 /* Frameworks */ = {
			isa = PBXGroup;
			children = (
				4DB391D08EF015675C7D6803 /* Pods_OfoDemo.framework */,
			);
			name = Frameworks;
			sourceTree = "<group>";
		};
		666F42CA0E291B8F1B79D2A4 /* Pods */ = {
			isa = PBXGroup;
			children = (
				DE23E49B7D8F073965248878 /* Pods-OfoDemo.debug.xcconfig */,
				D8C9BC6CFCE164BD531B7B2B /* Pods-OfoDemo.release.xcconfig */,
			);
			name = Pods;
			sourceTree = "<group>";
		};
/* End PBXGroup section */

/* Begin PBXNativeTarget section */
		12710ECC1EC45B26003AE9FB /* OfoDemo */ = {
			isa = PBXNativeTarget;
			buildConfigurationList = 12710EDF1EC45B26003AE9FB /* Build configuration list for PBXNativeTarget "OfoDemo" */;
			buildPhases = (
				63276A8A80303D18E758A0B3 /* [CP] Check Pods Manifest.lock */,
				12710EC91EC45B26003AE9FB /* Sources */,
				12710ECA1EC45B26003AE9FB /* Frameworks */,
				12710ECB1EC45B26003AE9FB /* Resources */,
				CD8EE17AAE53AFFF59A79B2A /* [CP] Embed Pods Frameworks */,
				C0CBD9B57D81CC8F129A9F5F /* [CP] Copy Pods Resources */,
			);
			buildRules = (
			);
			dependencies = (
			);
			name = OfoDemo;
			productName = OfoDemo;
			productReference = 12710ECD1EC45B26003AE9FB /* OfoDemo.app */;
			productType = "com.apple.product-type.application";
		};
/* End PBXNativeTarget section */

/* Begin PBXProject section */
		12710EC51EC45B26003AE9FB /* Project object */ = {
			isa = PBXProject;
			attributes = {
				LastSwiftUpdateCheck = 0830;
				LastUpgradeCheck = 0830;
				ORGANIZATIONNAME = "王小帅";
				TargetAttributes = {
					12710ECC1EC45B26003AE9FB = {
						CreatedOnToolsVersion = 8.3.2;
						DevelopmentTeam = HZ94443AUY;
						ProvisioningStyle = Automatic;
					};
				};
			};
			buildConfigurationList = 12710EC81EC45B26003AE9FB /* Build configuration list for PBXProject "OfoDemo" */;
			compatibilityVersion = "Xcode 3.2";
			developmentRegion = English;
			hasScannedForEncodings = 0;
			knownRegions = (
				en,
				Base,
			);
			mainGroup = 12710EC41EC45B26003AE9FB;
			productRefGroup = 12710ECE1EC45B26003AE9FB /* Products */;
			projectDirPath = "";
			projectRoot = "";
			targets = (
				12710ECC1EC45B26003AE9FB /* OfoDemo */,
			);
		};
/* End PBXProject section */

/* Begin PBXResourcesBuildPhase section */
		12710ECB1EC45B26003AE9FB /* Resources */ = {
			isa = PBXResourcesBuildPhase;
			buildActionMask = 2147483647;
			files = (
				12710EDB1EC45B26003AE9FB /* LaunchScreen.storyboard in Resources */,
				12710ED81EC45B26003AE9FB /* Assets.xcassets in Resources */,
				12710ED61EC45B26003AE9FB /* Main.storyboard in Resources */,
			);
			runOnlyForDeploymentPostprocessing = 0;
		};
/* End PBXResourcesBuildPhase section */

/* Begin PBXShellScriptBuildPhase section */
		63276A8A80303D18E758A0B3 /* [CP] Check Pods Manifest.lock */ = {
			isa = PBXShellScriptBuildPhase;
			buildActionMask = 2147483647;
			files = (
			);
			inputPaths = (
			);
			name = "[CP] Check Pods Manifest.lock";
			outputPaths = (
			);
			runOnlyForDeploymentPostprocessing = 0;
			shellPath = /bin/sh;
			shellScript = "diff \"${PODS_ROOT}/../Podfile.lock\" \"${PODS_ROOT}/Manifest.lock\" > /dev/null\nif [ $? != 0 ] ; then\n    # print error to STDERR\n    echo \"error: The sandbox is not in sync with the Podfile.lock. Run 'pod install' or update your CocoaPods installation.\" >&2\n    exit 1\nfi\n";
			showEnvVarsInLog = 0;
		};
		C0CBD9B57D81CC8F129A9F5F /* [CP] Copy Pods Resources */ = {
			isa = PBXShellScriptBuildPhase;
			buildActionMask = 2147483647;
			files = (
			);
			inputPaths = (
			);
			name = "[CP] Copy Pods Resources";
			outputPaths = (
			);
			runOnlyForDeploymentPostprocessing = 0;
			shellPath = /bin/sh;
			shellScript = "\"${SRCROOT}/Pods/Target Support Files/Pods-OfoDemo/Pods-OfoDemo-resources.sh\"\n";
			showEnvVarsInLog = 0;
		};
		CD8EE17AAE53AFFF59A79B2A /* [CP] Embed Pods Frameworks */ = {
			isa = PBXShellScriptBuildPhase;
			buildActionMask = 2147483647;
			files = (
			);
			inputPaths = (
			);
			name = "[CP] Embed Pods Frameworks";
			outputPaths = (
			);
			runOnlyForDeploymentPostprocessing = 0;
			shellPath = /bin/sh;
			shellScript = "\"${SRCROOT}/Pods/Target Support Files/Pods-OfoDemo/Pods-OfoDemo-frameworks.sh\"\n";
			showEnvVarsInLog = 0;
		};
/* End PBXShellScriptBuildPhase section */

/* Begin PBXSourcesBuildPhase section */
		12710EC91EC45B26003AE9FB /* Sources */ = {
			isa = PBXSourcesBuildPhase;
			buildActionMask = 2147483647;
			files = (
				12710ED31EC45B26003AE9FB /* ViewController.swift in Sources */,
				12710ED11EC45B26003AE9FB /* AppDelegate.swift in Sources */,
				12403FAB1EC46F1F000DAA1F /* ActiveController.swift in Sources */,
			);
			runOnlyForDeploymentPostprocessing = 0;
		};
/* End PBXSourcesBuildPhase section */

/* Begin PBXVariantGroup section */
		12710ED41EC45B26003AE9FB /* Main.storyboard */ = {
			isa = PBXVariantGroup;
			children = (
				12710ED51EC45B26003AE9FB /* Base */,
			);
			name = Main.storyboard;
			sourceTree = "<group>";
		};
		12710ED91EC45B26003AE9FB /* LaunchScreen.storyboard */ = {
			isa = PBXVariantGroup;
			children = (
				12710EDA1EC45B26003AE9FB /* Base */,
			);
			name = LaunchScreen.storyboard;
			sourceTree = "<group>";
		};
/* End PBXVariantGroup section */

/* Begin XCBuildConfiguration section */
		12710EDD1EC45B26003AE9FB /* Debug */ = {
			isa = XCBuildConfiguration;
			buildSettings = {
				ALWAYS_SEARCH_USER_PATHS = NO;
				CLANG_ANALYZER_NONNULL = YES;
				CLANG_ANALYZER_NUMBER_OBJECT_CONVERSION = YES_AGGRESSIVE;
				CLANG_CXX_LANGUAGE_STANDARD = "gnu++0x";
				CLANG_CXX_LIBRARY = "libc++";
				CLANG_ENABLE_MODULES = YES;
				CLANG_ENABLE_OBJC_ARC = YES;
				CLANG_WARN_BOOL_CONVERSION = YES;
				CLANG_WARN_CONSTANT_CONVERSION = YES;
				CLANG_WARN_DIRECT_OBJC_ISA_USAGE = YES_ERROR;
				CLANG_WARN_DOCUMENTATION_COMMENTS = YES;
				CLANG_WARN_EMPTY_BODY = YES;
				CLANG_WARN_ENUM_CONVERSION = YES;
				CLANG_WARN_INFINITE_RECURSION = YES;
				CLANG_WARN_INT_CONVERSION = YES;
				CLANG_WARN_OBJC_ROOT_CLASS = YES_ERROR;
				CLANG_WARN_SUSPICIOUS_MOVE = YES;
				CLANG_WARN_UNREACHABLE_CODE = YES;
				CLANG_WARN__DUPLICATE_METHOD_MATCH = YES;
				"CODE_SIGN_IDENTITY[sdk=iphoneos*]" = "iPhone Developer";
				COPY_PHASE_STRIP = NO;
				DEBUG_INFORMATION_FORMAT = dwarf;
				ENABLE_STRICT_OBJC_MSGSEND = YES;
				ENABLE_TESTABILITY = YES;
				GCC_C_LANGUAGE_STANDARD = gnu99;
				GCC_DYNAMIC_NO_PIC = NO;
				GCC_NO_COMMON_BLOCKS = YES;
				GCC_OPTIMIZATION_LEVEL = 0;
				GCC_PREPROCESSOR_DEFINITIONS = (
					"DEBUG=1",
					"$(inherited)",
				);
				GCC_WARN_64_TO_32_BIT_CONVERSION = YES;
				GCC_WARN_ABOUT_RETURN_TYPE = YES_ERROR;
				GCC_WARN_UNDECLARED_SELECTOR = YES;
				GCC_WARN_UNINITIALIZED_AUTOS = YES_AGGRESSIVE;
				GCC_WARN_UNUSED_FUNCTION = YES;
				GCC_WARN_UNUSED_VARIABLE = YES;
				IPHONEOS_DEPLOYMENT_TARGET = 10.3;
				MTL_ENABLE_DEBUG_INFO = YES;
				ONLY_ACTIVE_ARCH = YES;
				SDKROOT = iphoneos;
				SWIFT_ACTIVE_COMPILATION_CONDITIONS = DEBUG;
				SWIFT_OPTIMIZATION_LEVEL = "-Onone";
			};
			name = Debug;
		};
		12710EDE1EC45B26003AE9FB /* Release */ = {
			isa = XCBuildConfiguration;
			buildSettings = {
				ALWAYS_SEARCH_USER_PATHS = NO;
				CLANG_ANALYZER_NONNULL = YES;
				CLANG_ANALYZER_NUMBER_OBJECT_CONVERSION = YES_AGGRESSIVE;
				CLANG_CXX_LANGUAGE_STANDARD = "gnu++0x";
				CLANG_CXX_LIBRARY = "libc++";
				CLANG_ENABLE_MODULES = YES;
				CLANG_ENABLE_OBJC_ARC = YES;
				CLANG_WARN_BOOL_CONVERSION = YES;
				CLANG_WARN_CONSTANT_CONVERSION = YES;
				CLANG_WARN_DIRECT_OBJC_ISA_USAGE = YES_ERROR;
				CLANG_WARN_DOCUMENTATION_COMMENTS = YES;
				CLANG_WARN_EMPTY_BODY = YES;
				CLANG_WARN_ENUM_CONVERSION = YES;
				CLANG_WARN_INFINITE_RECURSION = YES;
				CLANG_WARN_INT_CONVERSION = YES;
				CLANG_WARN_OBJC_ROOT_CLASS = YES_ERROR;
				CLANG_WARN_SUSPICIOUS_MOVE = YES;
				CLANG_WARN_UNREACHABLE_CODE = YES;
				CLANG_WARN__DUPLICATE_METHOD_MATCH = YES;
				"CODE_SIGN_IDENTITY[sdk=iphoneos*]" = "iPhone Developer";
				COPY_PHASE_STRIP = NO;
				DEBUG_INFORMATION_FORMAT = "dwarf-with-dsym";
				ENABLE_NS_ASSERTIONS = NO;
				ENABLE_STRICT_OBJC_MSGSEND = YES;
				GCC_C_LANGUAGE_STANDARD = gnu99;
				GCC_NO_COMMON_BLOCKS = YES;
				GCC_WARN_64_TO_32_BIT_CONVERSION = YES;
				GCC_WARN_ABOUT_RETURN_TYPE = YES_ERROR;
				GCC_WARN_UNDECLARED_SELECTOR = YES;
				GCC_WARN_UNINITIALIZED_AUTOS = YES_AGGRESSIVE;
				GCC_WARN_UNUSED_FUNCTION = YES;
				GCC_WARN_UNUSED_VARIABLE = YES;
				IPHONEOS_DEPLOYMENT_TARGET = 10.3;
				MTL_ENABLE_DEBUG_INFO = NO;
				SDKROOT = iphoneos;
				SWIFT_OPTIMIZATION_LEVEL = "-Owholemodule";
				VALIDATE_PRODUCT = YES;
			};
			name = Release;
		};
		12710EE01EC45B26003AE9FB /* Debug */ = {
			isa = XCBuildConfiguration;
			baseConfigurationReference = DE23E49B7D8F073965248878 /* Pods-OfoDemo.debug.xcconfig */;
			buildSettings = {
				ASSETCATALOG_COMPILER_APPICON_NAME = AppIcon;
				ASSETCATALOG_COMPILER_LAUNCHIMAGE_NAME = LaunchImage;
				DEVELOPMENT_TEAM = HZ94443AUY;
				INFOPLIST_FILE = OfoDemo/Info.plist;
				IPHONEOS_DEPLOYMENT_TARGET = 9.0;
				LD_RUNPATH_SEARCH_PATHS = "$(inherited) @executable_path/Frameworks";
				PRODUCT_BUNDLE_IDENTIFIER = com.xiaoshuai.OfoDemo;
				PRODUCT_NAME = "$(TARGET_NAME)";
				SWIFT_VERSION = 3.0;
			};
			name = Debug;
		};
		12710EE11EC45B26003AE9FB /* Release */ = {
			isa = XCBuildConfiguration;
			baseConfigurationReference = D8C9BC6CFCE164BD531B7B2B /* Pods-OfoDemo.release.xcconfig */;
			buildSettings = {
				ASSETCATALOG_COMPILER_APPICON_NAME = AppIcon;
				ASSETCATALOG_COMPILER_LAUNCHIMAGE_NAME = LaunchImage;
				DEVELOPMENT_TEAM = HZ94443AUY;
				INFOPLIST_FILE = OfoDemo/Info.plist;
				IPHONEOS_DEPLOYMENT_TARGET = 9.0;
				LD_RUNPATH_SEARCH_PATHS = "$(inherited) @executable_path/Frameworks";
				PRODUCT_BUNDLE_IDENTIFIER = com.xiaoshuai.OfoDemo;
				PRODUCT_NAME = "$(TARGET_NAME)";
				SWIFT_VERSION = 3.0;
			};
			name = Release;
		};
/* End XCBuildConfiguration section */

/* Begin XCConfigurationList section */
		12710EC81EC45B26003AE9FB /* Build configuration list for PBXProject "OfoDemo" */ = {
			isa = XCConfigurationList;
			buildConfigurations = (
				12710EDD1EC45B26003AE9FB /* Debug */,
				12710EDE1EC45B26003AE9FB /* Release */,
			);
			defaultConfigurationIsVisible = 0;
			defaultConfigurationName = Release;
		};
		12710EDF1EC45B26003AE9FB /* Build configuration list for PBXNativeTarget "OfoDemo" */ = {
			isa = XCConfigurationList;
			buildConfigurations = (
				12710EE01EC45B26003AE9FB /* Debug */,
				12710EE11EC45B26003AE9FB /* Release */,
			);
			defaultConfigurationIsVisible = 0;
			defaultConfigurationName = Release;
		};
/* End XCConfigurationList section */
	};
	rootObject = 12710EC51EC45B26003AE9FB /* Project object */;
}
